
Microsoft Visual Studio Solution File, Format Version 12.00
# Visual Studio Version 16
VisualStudioVersion = 16.0.29613.14
MinimumVisualStudioVersion = 10.0.40219.1
Project("{FAE04EC0-301F-11D3-BF4B-00C04F79EFBC}") = "SnowyImageCopy", "SnowyImageCopy\SnowyImageCopy.csproj", "{55DF0585-A26E-489E-BD94-4E6A50A83E23}"
EndProject
Project("{FAE04EC0-301F-11D3-BF4B-00C04F79EFBC}") = "SnowyTool", "SnowyTool\SnowyTool.csproj", "{BB8A7F03-E29D-4023-BD7B-FE2988FF4D77}"
EndProject
Project("{FAE04EC0-301F-11D3-BF4B-00C04F79EFBC}") = "SnowyImageCopy.Test", "SnowyImageCopy.Test\SnowyImageCopy.Test.csproj", "{FBFE3C9C-8D09-4ABF-82C6-C9B6D0B27AEB}"
	ProjectSection(ProjectDependencies) = postProject
		{BB8A7F03-E29D-4023-BD7B-FE2988FF4D77} = {BB8A7F03-E29D-4023-BD7B-FE2988FF4D77}
		{55DF0585-A26E-489E-BD94-4E6A50A83E23} = {55DF0585-A26E-489E-BD94-4E6A50A83E23}
	EndProjectSection
EndProject
Global
	GlobalSection(SolutionConfigurationPlatforms) = preSolution
		Debug|Any CPU = Debug|Any CPU
		Release|Any CPU = Release|Any CPU
	EndGlobalSection
	GlobalSection(ProjectConfigurationPlatforms) = postSolution
		{55DF0585-A26E-489E-BD94-4E6A50A83E23}.Debug|Any CPU.ActiveCfg = Debug|Any CPU
		{55DF0585-A26E-489E-BD94-4E6A50A83E23}.Debug|Any CPU.Build.0 = Debug|Any CPU
		{55DF0585-A26E-489E-BD94-4E6A50A83E23}.Release|Any CPU.ActiveCfg = Release|Any CPU
		{55DF0585-A26E-489E-BD94-4E6A50A83E23}.Release|Any CPU.Build.0 = Release|Any CPU
		{BB8A7F03-E29D-4023-BD7B-FE2988FF4D77}.Debug|Any CPU.ActiveCfg = Debug|Any CPU
		{BB8A7F03-E29D-4023-BD7B-FE2988FF4D77}.Debug|Any CPU.Build.0 = Debug|Any CPU
		{BB8A7F03-E29D-4023-BD7B-FE2988FF4D77}.Release|Any CPU.ActiveCfg = Release|Any CPU
		{BB8A7F03-E29D-4023-BD7B-FE2988FF4D77}.Release|Any CPU.Build.0 = Release|Any CPU
		{FBFE3C9C-8D09-4ABF-82C6-C9B6D0B27AEB}.Debug|Any CPU.ActiveCfg = Debug|Any CPU
		{FBFE3C9C-8D09-4ABF-82C6-C9B6D0B27AEB}.Debug|Any CPU.Build.0 = Debug|Any CPU
		{FBFE3C9C-8D09-4ABF-82C6-C9B6D0B27AEB}.Release|Any CPU.ActiveCfg = Release|Any CPU
		{FBFE3C9C-8D09-4ABF-82C6-C9B6D0B27AEB}.Release|Any CPU.Build.0 = Release|Any CPU
	EndGlobalSection
	GlobalSection(SolutionProperties) = preSolution
		HideSolutionNode = FALSE
	EndGlobalSection
	GlobalSection(ExtensibilityGlobals) = postSolution
		SolutionGuid = {60969E89-F0C8-4400-944B-41DACEB38715}
	EndGlobalSection
EndGlobal
